// !$*UTF8*$!
{
	archiveVersion = 1;
	classes = {
	};
	objectVersion = 54;
	objects = {

/* Begin PBXBuildFile section */
		BE15F1EC2600378E00A0BCF8 /* Colour.cpp in Sources */ = {isa = PBXBuildFile; fileRef = BE15F1EA2600378E00A0BCF8 /* Colour.cpp */; };
		BE1FCE45263AD988009390CC /* Rectangle.cpp in Sources */ = {isa = PBXBuildFile; fileRef = BE1FCE43263AD988009390CC /* Rectangle.cpp */; };
		BE1FCE49263AEB0E009390CC /* Cube.cpp in Sources */ = {isa = PBXBuildFile; fileRef = BE1FCE47263AEB0E009390CC /* Cube.cpp */; };
		BE23B80425F57DAD000BFAD9 /* main.cpp in Sources */ = {isa = PBXBuildFile; fileRef = BE23B80325F57DAD000BFAD9 /* main.cpp */; };
		BE23B83325F5802A000BFAD9 /* App.cpp in Sources */ = {isa = PBXBuildFile; fileRef = BE23B83125F5802A000BFAD9 /* App.cpp */; };
		BE23B83725F582A3000BFAD9 /* Window.cpp in Sources */ = {isa = PBXBuildFile; fileRef = BE23B83525F582A3000BFAD9 /* Window.cpp */; };
		BE3CBF7425F80426008D5A9B /* Renderer.cpp in Sources */ = {isa = PBXBuildFile; fileRef = BE3CBF7225F80426008D5A9B /* Renderer.cpp */; };
		BE3CBF7925F842D8008D5A9B /* Vectors.cpp in Sources */ = {isa = PBXBuildFile; fileRef = BE3CBF7725F842D8008D5A9B /* Vectors.cpp */; };
		BE4CB76E25F97C210072DAE1 /* Ray.cpp in Sources */ = {isa = PBXBuildFile; fileRef = BE4CB76C25F97C210072DAE1 /* Ray.cpp */; };
		BE4CB77125F97C5B0072DAE1 /* Camera.cpp in Sources */ = {isa = PBXBuildFile; fileRef = BE4CB76F25F97C5B0072DAE1 /* Camera.cpp */; };
		BE9A79162643461F0071621B /* sfml-window.framework in Frameworks */ = {isa = PBXBuildFile; fileRef = BE9A79122643461F0071621B /* sfml-window.framework */; };
		BE9A79172643461F0071621B /* sfml-window.framework in Embed Frameworks */ = {isa = PBXBuildFile; fileRef = BE9A79122643461F0071621B /* sfml-window.framework */; settings = {ATTRIBUTES = (CodeSignOnCopy, RemoveHeadersOnCopy, ); }; };
		BE9A79182643461F0071621B /* freetype.framework in Frameworks */ = {isa = PBXBuildFile; fileRef = BE9A79132643461F0071621B /* freetype.framework */; };
		BE9A79192643461F0071621B /* freetype.framework in Embed Frameworks */ = {isa = PBXBuildFile; fileRef = BE9A79132643461F0071621B /* freetype.framework */; settings = {ATTRIBUTES = (CodeSignOnCopy, RemoveHeadersOnCopy, ); }; };
		BE9A791A2643461F0071621B /* sfml-graphics.framework in Frameworks */ = {isa = PBXBuildFile; fileRef = BE9A79142643461F0071621B /* sfml-graphics.framework */; };
		BE9A791B2643461F0071621B /* sfml-graphics.framework in Embed Frameworks */ = {isa = PBXBuildFile; fileRef = BE9A79142643461F0071621B /* sfml-graphics.framework */; settings = {ATTRIBUTES = (CodeSignOnCopy, RemoveHeadersOnCopy, ); }; };
		BE9A791C2643461F0071621B /* sfml-system.framework in Frameworks */ = {isa = PBXBuildFile; fileRef = BE9A79152643461F0071621B /* sfml-system.framework */; };
		BE9A791D2643461F0071621B /* sfml-system.framework in Embed Frameworks */ = {isa = PBXBuildFile; fileRef = BE9A79152643461F0071621B /* sfml-system.framework */; settings = {ATTRIBUTES = (CodeSignOnCopy, RemoveHeadersOnCopy, ); }; };
		BEAD4D87260EB87C0074EC28 /* Disc.cpp in Sources */ = {isa = PBXBuildFile; fileRef = BEAD4D85260EB87C0074EC28 /* Disc.cpp */; };
		BEB97E9B26111E9E00D9B571 /* Material.cpp in Sources */ = {isa = PBXBuildFile; fileRef = BEB97E9926111E9E00D9B571 /* Material.cpp */; };
		BECBB28F25FAB6B200D6554E /* Scene.cpp in Sources */ = {isa = PBXBuildFile; fileRef = BECBB28D25FAB6B200D6554E /* Scene.cpp */; };
		BECEC402264B0007005378B0 /* Chunk.cpp in Sources */ = {isa = PBXBuildFile; fileRef = BECEC400264B0007005378B0 /* Chunk.cpp */; };
		BED358372610BE000098E917 /* Solid.cpp in Sources */ = {isa = PBXBuildFile; fileRef = BED358352610BE000098E917 /* Solid.cpp */; };
		BEDF18E525FE73EE00E52FD2 /* Sphere.cpp in Sources */ = {isa = PBXBuildFile; fileRef = BEDF18E325FE73EE00E52FD2 /* Sphere.cpp */; };
		BEF22E8A260F94E600388A0B /* Plane.cpp in Sources */ = {isa = PBXBuildFile; fileRef = BEF22E88260F94E600388A0B /* Plane.cpp */; };
/* End PBXBuildFile section */

/* Begin PBXCopyFilesBuildPhase section */
		BE9A791E2643461F0071621B /* Embed Frameworks */ = {
			isa = PBXCopyFilesBuildPhase;
			buildActionMask = 2147483647;
			dstPath = "";
			dstSubfolderSpec = 10;
			files = (
				BE9A79192643461F0071621B /* freetype.framework in Embed Frameworks */,
				BE9A791D2643461F0071621B /* sfml-system.framework in Embed Frameworks */,
				BE9A79172643461F0071621B /* sfml-window.framework in Embed Frameworks */,
				BE9A791B2643461F0071621B /* sfml-graphics.framework in Embed Frameworks */,
			);
			name = "Embed Frameworks";
			runOnlyForDeploymentPostprocessing = 0;
		};
/* End PBXCopyFilesBuildPhase section */

/* Begin PBXFileReference section */
		BE116BBF2607C6C100042B38 /* Utilities.h */ = {isa = PBXFileReference; lastKnownFileType = sourcecode.c.h; path = Utilities.h; sourceTree = "<group>"; };
		BE15F1EA2600378E00A0BCF8 /* Colour.cpp */ = {isa = PBXFileReference; lastKnownFileType = sourcecode.cpp.cpp; path = Colour.cpp; sourceTree = "<group>"; };
		BE15F1EB2600378E00A0BCF8 /* Colour.hpp */ = {isa = PBXFileReference; lastKnownFileType = sourcecode.cpp.h; path = Colour.hpp; sourceTree = "<group>"; };
		BE1FCE43263AD988009390CC /* Rectangle.cpp */ = {isa = PBXFileReference; lastKnownFileType = sourcecode.cpp.cpp; path = Rectangle.cpp; sourceTree = "<group>"; };
		BE1FCE44263AD988009390CC /* Rectangle.hpp */ = {isa = PBXFileReference; lastKnownFileType = sourcecode.cpp.h; path = Rectangle.hpp; sourceTree = "<group>"; };
		BE1FCE47263AEB0E009390CC /* Cube.cpp */ = {isa = PBXFileReference; lastKnownFileType = sourcecode.cpp.cpp; path = Cube.cpp; sourceTree = "<group>"; };
		BE1FCE48263AEB0E009390CC /* Cube.hpp */ = {isa = PBXFileReference; lastKnownFileType = sourcecode.cpp.h; path = Cube.hpp; sourceTree = "<group>"; };
		BE23B7FB25F57DAD000BFAD9 /* Raytracer.app */ = {isa = PBXFileReference; explicitFileType = wrapper.application; includeInIndex = 0; path = Raytracer.app; sourceTree = BUILT_PRODUCTS_DIR; };
		BE23B7FF25F57DAD000BFAD9 /* Raytracer-Info.plist */ = {isa = PBXFileReference; lastKnownFileType = text.plist.xml; path = "Raytracer-Info.plist"; sourceTree = "<group>"; };
		BE23B80325F57DAD000BFAD9 /* main.cpp */ = {isa = PBXFileReference; lastKnownFileType = sourcecode.cpp.cpp; path = main.cpp; sourceTree = "<group>"; };
		BE23B81425F57DF9000BFAD9 /* Raytracer.entitlements */ = {isa = PBXFileReference; lastKnownFileType = text.plist.entitlements; path = Raytracer.entitlements; sourceTree = "<group>"; };
		BE23B83125F5802A000BFAD9 /* App.cpp */ = {isa = PBXFileReference; lastKnownFileType = sourcecode.cpp.cpp; path = App.cpp; sourceTree = "<group>"; };
		BE23B83225F5802A000BFAD9 /* App.hpp */ = {isa = PBXFileReference; lastKnownFileType = sourcecode.cpp.h; path = App.hpp; sourceTree = "<group>"; };
		BE23B83425F58040000BFAD9 /* main.h */ = {isa = PBXFileReference; lastKnownFileType = sourcecode.c.h; path = main.h; sourceTree = "<group>"; };
		BE23B83525F582A3000BFAD9 /* Window.cpp */ = {isa = PBXFileReference; lastKnownFileType = sourcecode.cpp.cpp; path = Window.cpp; sourceTree = "<group>"; };
		BE23B83625F582A3000BFAD9 /* Window.hpp */ = {isa = PBXFileReference; lastKnownFileType = sourcecode.cpp.h; path = Window.hpp; sourceTree = "<group>"; };
		BE3CBF7225F80426008D5A9B /* Renderer.cpp */ = {isa = PBXFileReference; lastKnownFileType = sourcecode.cpp.cpp; path = Renderer.cpp; sourceTree = "<group>"; };
		BE3CBF7325F80426008D5A9B /* Renderer.hpp */ = {isa = PBXFileReference; lastKnownFileType = sourcecode.cpp.h; path = Renderer.hpp; sourceTree = "<group>"; };
		BE3CBF7725F842D8008D5A9B /* Vectors.cpp */ = {isa = PBXFileReference; lastKnownFileType = sourcecode.cpp.cpp; path = Vectors.cpp; sourceTree = "<group>"; };
		BE3CBF7825F842D8008D5A9B /* Vectors.hpp */ = {isa = PBXFileReference; lastKnownFileType = sourcecode.cpp.h; path = Vectors.hpp; sourceTree = "<group>"; };
		BE4CB76C25F97C210072DAE1 /* Ray.cpp */ = {isa = PBXFileReference; lastKnownFileType = sourcecode.cpp.cpp; path = Ray.cpp; sourceTree = "<group>"; };
		BE4CB76D25F97C210072DAE1 /* Ray.hpp */ = {isa = PBXFileReference; lastKnownFileType = sourcecode.cpp.h; path = Ray.hpp; sourceTree = "<group>"; };
		BE4CB76F25F97C5B0072DAE1 /* Camera.cpp */ = {isa = PBXFileReference; lastKnownFileType = sourcecode.cpp.cpp; path = Camera.cpp; sourceTree = "<group>"; };
		BE4CB77025F97C5B0072DAE1 /* Camera.hpp */ = {isa = PBXFileReference; lastKnownFileType = sourcecode.cpp.h; path = Camera.hpp; sourceTree = "<group>"; };
		BE9A79122643461F0071621B /* sfml-window.framework */ = {isa = PBXFileReference; lastKnownFileType = wrapper.framework; name = "sfml-window.framework"; path = "../../../../../Library/Frameworks/sfml-window.framework"; sourceTree = "<group>"; };
		BE9A79132643461F0071621B /* freetype.framework */ = {isa = PBXFileReference; lastKnownFileType = wrapper.framework; name = freetype.framework; path = ../../../../../Library/Frameworks/freetype.framework; sourceTree = "<group>"; };
		BE9A79142643461F0071621B /* sfml-graphics.framework */ = {isa = PBXFileReference; lastKnownFileType = wrapper.framework; name = "sfml-graphics.framework"; path = "../../../../../Library/Frameworks/sfml-graphics.framework"; sourceTree = "<group>"; };
		BE9A79152643461F0071621B /* sfml-system.framework */ = {isa = PBXFileReference; lastKnownFileType = wrapper.framework; name = "sfml-system.framework"; path = "../../../../../Library/Frameworks/sfml-system.framework"; sourceTree = "<group>"; };
		BEAD4D85260EB87C0074EC28 /* Disc.cpp */ = {isa = PBXFileReference; lastKnownFileType = sourcecode.cpp.cpp; path = Disc.cpp; sourceTree = "<group>"; };
		BEAD4D86260EB87C0074EC28 /* Disc.hpp */ = {isa = PBXFileReference; lastKnownFileType = sourcecode.cpp.h; path = Disc.hpp; sourceTree = "<group>"; };
		BEB97E9926111E9E00D9B571 /* Material.cpp */ = {isa = PBXFileReference; lastKnownFileType = sourcecode.cpp.cpp; path = Material.cpp; sourceTree = "<group>"; };
		BEB97E9A26111E9E00D9B571 /* Material.hpp */ = {isa = PBXFileReference; lastKnownFileType = sourcecode.cpp.h; path = Material.hpp; sourceTree = "<group>"; };
		BECBB28D25FAB6B200D6554E /* Scene.cpp */ = {isa = PBXFileReference; lastKnownFileType = sourcecode.cpp.cpp; path = Scene.cpp; sourceTree = "<group>"; };
		BECBB28E25FAB6B200D6554E /* Scene.hpp */ = {isa = PBXFileReference; lastKnownFileType = sourcecode.cpp.h; path = Scene.hpp; sourceTree = "<group>"; };
		BECEC400264B0007005378B0 /* Chunk.cpp */ = {isa = PBXFileReference; lastKnownFileType = sourcecode.cpp.cpp; path = Chunk.cpp; sourceTree = "<group>"; };
		BECEC401264B0007005378B0 /* Chunk.hpp */ = {isa = PBXFileReference; lastKnownFileType = sourcecode.cpp.h; path = Chunk.hpp; sourceTree = "<group>"; };
		BED358352610BE000098E917 /* Solid.cpp */ = {isa = PBXFileReference; fileEncoding = 4; lastKnownFileType = sourcecode.cpp.cpp; path = Solid.cpp; sourceTree = "<group>"; };
		BED358362610BE000098E917 /* Solid.hpp */ = {isa = PBXFileReference; fileEncoding = 4; lastKnownFileType = sourcecode.cpp.h; path = Solid.hpp; sourceTree = "<group>"; };
		BEDF18E325FE73EE00E52FD2 /* Sphere.cpp */ = {isa = PBXFileReference; lastKnownFileType = sourcecode.cpp.cpp; path = Sphere.cpp; sourceTree = "<group>"; };
		BEDF18E425FE73EE00E52FD2 /* Sphere.hpp */ = {isa = PBXFileReference; lastKnownFileType = sourcecode.cpp.h; path = Sphere.hpp; sourceTree = "<group>"; };
		BEF22E88260F94E600388A0B /* Plane.cpp */ = {isa = PBXFileReference; lastKnownFileType = sourcecode.cpp.cpp; path = Plane.cpp; sourceTree = "<group>"; };
		BEF22E89260F94E600388A0B /* Plane.hpp */ = {isa = PBXFileReference; lastKnownFileType = sourcecode.cpp.h; path = Plane.hpp; sourceTree = "<group>"; };
/* End PBXFileReference section */

/* Begin PBXFrameworksBuildPhase section */
		BE23B7F725F57DAD000BFAD9 /* Frameworks */ = {
			isa = PBXFrameworksBuildPhase;
			buildActionMask = 2147483647;
			files = (
				BE9A79182643461F0071621B /* freetype.framework in Frameworks */,
				BE9A791C2643461F0071621B /* sfml-system.framework in Frameworks */,
				BE9A79162643461F0071621B /* sfml-window.framework in Frameworks */,
				BE9A791A2643461F0071621B /* sfml-graphics.framework in Frameworks */,
			);
			runOnlyForDeploymentPostprocessing = 0;
		};
/* End PBXFrameworksBuildPhase section */

/* Begin PBXGroup section */
		BE15F1E92600377E00A0BCF8 /* Colour */ = {
			isa = PBXGroup;
			children = (
				BE15F1EA2600378E00A0BCF8 /* Colour.cpp */,
				BE15F1EB2600378E00A0BCF8 /* Colour.hpp */,
			);
			path = Colour;
			sourceTree = "<group>";
		};
		BE1FCE42263AD925009390CC /* Rectangle */ = {
			isa = PBXGroup;
			children = (
				BE1FCE43263AD988009390CC /* Rectangle.cpp */,
				BE1FCE44263AD988009390CC /* Rectangle.hpp */,
			);
			path = Rectangle;
			sourceTree = "<group>";
		};
		BE1FCE46263AEAE4009390CC /* Cube */ = {
			isa = PBXGroup;
			children = (
				BE1FCE47263AEB0E009390CC /* Cube.cpp */,
				BE1FCE48263AEB0E009390CC /* Cube.hpp */,
			);
			path = Cube;
			sourceTree = "<group>";
		};
		BE23B7F125F57DAD000BFAD9 = {
			isa = PBXGroup;
			children = (
				BE23B7FD25F57DAD000BFAD9 /* Raytracer */,
				BE23B7FC25F57DAD000BFAD9 /* Products */,
				BE23B81625F57E33000BFAD9 /* Frameworks */,
			);
			sourceTree = "<group>";
		};
		BE23B7FC25F57DAD000BFAD9 /* Products */ = {
			isa = PBXGroup;
			children = (
				BE23B7FB25F57DAD000BFAD9 /* Raytracer.app */,
			);
			name = Products;
			sourceTree = "<group>";
		};
		BE23B7FD25F57DAD000BFAD9 /* Raytracer */ = {
			isa = PBXGroup;
			children = (
				BE23B82D25F57F9F000BFAD9 /* Source */,
				BE23B80325F57DAD000BFAD9 /* main.cpp */,
				BE23B83425F58040000BFAD9 /* main.h */,
			);
			path = Raytracer;
			sourceTree = "<group>";
		};
		BE23B81625F57E33000BFAD9 /* Frameworks */ = {
			isa = PBXGroup;
			children = (
				BE9A79132643461F0071621B /* freetype.framework */,
				BE9A79142643461F0071621B /* sfml-graphics.framework */,
				BE9A79152643461F0071621B /* sfml-system.framework */,
				BE9A79122643461F0071621B /* sfml-window.framework */,
			);
			name = Frameworks;
			sourceTree = "<group>";
		};
		BE23B82D25F57F9F000BFAD9 /* Source */ = {
			isa = PBXGroup;
			children = (
				BE23B83125F5802A000BFAD9 /* App.cpp */,
				BE23B83225F5802A000BFAD9 /* App.hpp */,
				BE23B82E25F57FA8000BFAD9 /* Resources */,
				BE23B82F25F57FE8000BFAD9 /* Window */,
				BE3CBF7125F7B950008D5A9B /* Renderer */,
			);
			path = Source;
			sourceTree = "<group>";
		};
		BE23B82E25F57FA8000BFAD9 /* Resources */ = {
			isa = PBXGroup;
			children = (
				BE23B7FF25F57DAD000BFAD9 /* Raytracer-Info.plist */,
				BE23B81425F57DF9000BFAD9 /* Raytracer.entitlements */,
			);
			path = Resources;
			sourceTree = "<group>";
		};
		BE23B82F25F57FE8000BFAD9 /* Window */ = {
			isa = PBXGroup;
			children = (
				BE23B83525F582A3000BFAD9 /* Window.cpp */,
				BE23B83625F582A3000BFAD9 /* Window.hpp */,
			);
			path = Window;
			sourceTree = "<group>";
		};
		BE3CBF7125F7B950008D5A9B /* Renderer */ = {
			isa = PBXGroup;
			children = (
				BE3CBF7225F80426008D5A9B /* Renderer.cpp */,
				BE3CBF7325F80426008D5A9B /* Renderer.hpp */,
				BECEC3FF264AFFB8005378B0 /* Chunk */,
				BE3CBF7625F842CC008D5A9B /* Utilities */,
				BECBB28C25FAB68F00D6554E /* Scene */,
			);
			path = Renderer;
			sourceTree = "<group>";
		};
		BE3CBF7625F842CC008D5A9B /* Utilities */ = {
			isa = PBXGroup;
			children = (
				BE116BBF2607C6C100042B38 /* Utilities.h */,
				BEF22E8D2610BB2C00388A0B /* Ray */,
				BEF22E8C2610BB0B00388A0B /* Vectors */,
				BE15F1E92600377E00A0BCF8 /* Colour */,
			);
			path = Utilities;
			sourceTree = "<group>";
		};
		BE5FA03225FD3CEC00AEC4F5 /* Geometry */ = {
			isa = PBXGroup;
			children = (
				BED358352610BE000098E917 /* Solid.cpp */,
				BED358362610BE000098E917 /* Solid.hpp */,
				BE1FCE46263AEAE4009390CC /* Cube */,
				BE1FCE42263AD925009390CC /* Rectangle */,
				BEF22E8F2610BB9100388A0B /* Sphere */,
				BEF22E87260F94AA00388A0B /* Plane */,
				BEAD4D84260EB8630074EC28 /* Disc */,
				BEB97E9826111E8E00D9B571 /* Material */,
			);
			path = Geometry;
			sourceTree = "<group>";
		};
		BEAD4D84260EB8630074EC28 /* Disc */ = {
			isa = PBXGroup;
			children = (
				BEAD4D85260EB87C0074EC28 /* Disc.cpp */,
				BEAD4D86260EB87C0074EC28 /* Disc.hpp */,
			);
			path = Disc;
			sourceTree = "<group>";
		};
		BEB97E9826111E8E00D9B571 /* Material */ = {
			isa = PBXGroup;
			children = (
				BEB97E9926111E9E00D9B571 /* Material.cpp */,
				BEB97E9A26111E9E00D9B571 /* Material.hpp */,
			);
			path = Material;
			sourceTree = "<group>";
		};
		BECBB28C25FAB68F00D6554E /* Scene */ = {
			isa = PBXGroup;
			children = (
				BECBB28D25FAB6B200D6554E /* Scene.cpp */,
				BECBB28E25FAB6B200D6554E /* Scene.hpp */,
				BEF22E8E2610BB6500388A0B /* Camera */,
				BE5FA03225FD3CEC00AEC4F5 /* Geometry */,
			);
			path = Scene;
			sourceTree = "<group>";
		};
		BECEC3FF264AFFB8005378B0 /* Chunk */ = {
			isa = PBXGroup;
			children = (
				BECEC400264B0007005378B0 /* Chunk.cpp */,
				BECEC401264B0007005378B0 /* Chunk.hpp */,
			);
			path = Chunk;
			sourceTree = "<group>";
		};
		BEF22E87260F94AA00388A0B /* Plane */ = {
			isa = PBXGroup;
			children = (
				BEF22E88260F94E600388A0B /* Plane.cpp */,
				BEF22E89260F94E600388A0B /* Plane.hpp */,
			);
			path = Plane;
			sourceTree = "<group>";
		};
		BEF22E8C2610BB0B00388A0B /* Vectors */ = {
			isa = PBXGroup;
			children = (
				BE3CBF7725F842D8008D5A9B /* Vectors.cpp */,
				BE3CBF7825F842D8008D5A9B /* Vectors.hpp */,
			);
			path = Vectors;
			sourceTree = "<group>";
		};
		BEF22E8D2610BB2C00388A0B /* Ray */ = {
			isa = PBXGroup;
			children = (
				BE4CB76C25F97C210072DAE1 /* Ray.cpp */,
				BE4CB76D25F97C210072DAE1 /* Ray.hpp */,
			);
			path = Ray;
			sourceTree = "<group>";
		};
		BEF22E8E2610BB6500388A0B /* Camera */ = {
			isa = PBXGroup;
			children = (
				BE4CB76F25F97C5B0072DAE1 /* Camera.cpp */,
				BE4CB77025F97C5B0072DAE1 /* Camera.hpp */,
			);
			path = Camera;
			sourceTree = "<group>";
		};
		BEF22E8F2610BB9100388A0B /* Sphere */ = {
			isa = PBXGroup;
			children = (
				BEDF18E325FE73EE00E52FD2 /* Sphere.cpp */,
				BEDF18E425FE73EE00E52FD2 /* Sphere.hpp */,
			);
			path = Sphere;
			sourceTree = "<group>";
		};
/* End PBXGroup section */

/* Begin PBXNativeTarget section */
		BE23B7FA25F57DAD000BFAD9 /* Raytracer */ = {
			isa = PBXNativeTarget;
			buildConfigurationList = BE23B81025F57DAD000BFAD9 /* Build configuration list for PBXNativeTarget "Raytracer" */;
			buildPhases = (
				BE23B7F625F57DAD000BFAD9 /* Sources */,
				BE23B7F725F57DAD000BFAD9 /* Frameworks */,
				BE23B7F825F57DAD000BFAD9 /* Resources */,
				BE23B7F925F57DAD000BFAD9 /* Run Script */,
				BE9A791E2643461F0071621B /* Embed Frameworks */,
			);
			buildRules = (
			);
			dependencies = (
			);
			name = Raytracer;
			productName = Raytracer;
			productReference = BE23B7FB25F57DAD000BFAD9 /* Raytracer.app */;
			productType = "com.apple.product-type.application";
		};
/* End PBXNativeTarget section */

/* Begin PBXProject section */
		BE23B7F225F57DAD000BFAD9 /* Project object */ = {
			isa = PBXProject;
			attributes = {
				LastUpgradeCheck = 1250;
				ORGANIZATIONNAME = "Gracjan Jeżewski";
				TargetAttributes = {
					BE23B7FA25F57DAD000BFAD9 = {
						CreatedOnToolsVersion = 12.4;
					};
				};
			};
			buildConfigurationList = BE23B7F525F57DAD000BFAD9 /* Build configuration list for PBXProject "Raytracer" */;
			compatibilityVersion = "Xcode 12.0";
			developmentRegion = en;
			hasScannedForEncodings = 0;
			knownRegions = (
				en,
				Base,
			);
			mainGroup = BE23B7F125F57DAD000BFAD9;
			productRefGroup = BE23B7FC25F57DAD000BFAD9 /* Products */;
			projectDirPath = "";
			projectRoot = "";
			targets = (
				BE23B7FA25F57DAD000BFAD9 /* Raytracer */,
			);
		};
/* End PBXProject section */

/* Begin PBXResourcesBuildPhase section */
		BE23B7F825F57DAD000BFAD9 /* Resources */ = {
			isa = PBXResourcesBuildPhase;
			buildActionMask = 2147483647;
			files = (
			);
			runOnlyForDeploymentPostprocessing = 0;
		};
/* End PBXResourcesBuildPhase section */

/* Begin PBXShellScriptBuildPhase section */
		BE23B7F925F57DAD000BFAD9 /* Run Script */ = {
			isa = PBXShellScriptBuildPhase;
			buildActionMask = 12;
			files = (
			);
			inputFileListPaths = (
			);
			inputPaths = (
			);
			name = "Run Script";
			outputFileListPaths = (
			);
			outputPaths = (
			);
			runOnlyForDeploymentPostprocessing = 0;
			shellPath = /bin/sh;
			shellScript = "
";
		};
/* End PBXShellScriptBuildPhase section */

/* Begin PBXSourcesBuildPhase section */
		BE23B7F625F57DAD000BFAD9 /* Sources */ = {
			isa = PBXSourcesBuildPhase;
			buildActionMask = 2147483647;
			files = (
				BE1FCE49263AEB0E009390CC /* Cube.cpp in Sources */,
				BE23B83325F5802A000BFAD9 /* App.cpp in Sources */,
				BE3CBF7425F80426008D5A9B /* Renderer.cpp in Sources */,
				BEAD4D87260EB87C0074EC28 /* Disc.cpp in Sources */,
				BE1FCE45263AD988009390CC /* Rectangle.cpp in Sources */,
				BED358372610BE000098E917 /* Solid.cpp in Sources */,
				BE23B80425F57DAD000BFAD9 /* main.cpp in Sources */,
				BECEC402264B0007005378B0 /* Chunk.cpp in Sources */,
				BE4CB77125F97C5B0072DAE1 /* Camera.cpp in Sources */,
				BE4CB76E25F97C210072DAE1 /* Ray.cpp in Sources */,
				BEB97E9B26111E9E00D9B571 /* Material.cpp in Sources */,
				BECBB28F25FAB6B200D6554E /* Scene.cpp in Sources */,
				BE15F1EC2600378E00A0BCF8 /* Colour.cpp in Sources */,
				BEDF18E525FE73EE00E52FD2 /* Sphere.cpp in Sources */,
				BE3CBF7925F842D8008D5A9B /* Vectors.cpp in Sources */,
				BE23B83725F582A3000BFAD9 /* Window.cpp in Sources */,
				BEF22E8A260F94E600388A0B /* Plane.cpp in Sources */,
			);
			runOnlyForDeploymentPostprocessing = 0;
		};
/* End PBXSourcesBuildPhase section */

/* Begin XCBuildConfiguration section */
		BE23B80E25F57DAD000BFAD9 /* Debug */ = {
			isa = XCBuildConfiguration;
			buildSettings = {
				CLANG_CXX_LANGUAGE_STANDARD = "c++11";
				CLANG_CXX_LIBRARY = "libc++";
				CLANG_WARN_BLOCK_CAPTURE_AUTORELEASING = YES;
				CLANG_WARN_BOOL_CONVERSION = YES;
				CLANG_WARN_COMMA = YES;
				CLANG_WARN_CONSTANT_CONVERSION = YES;
				CLANG_WARN_DEPRECATED_OBJC_IMPLEMENTATIONS = YES;
				CLANG_WARN_EMPTY_BODY = YES;
				CLANG_WARN_ENUM_CONVERSION = YES;
				CLANG_WARN_INFINITE_RECURSION = YES;
				CLANG_WARN_INT_CONVERSION = YES;
				CLANG_WARN_NON_LITERAL_NULL_CONVERSION = YES;
				CLANG_WARN_OBJC_IMPLICIT_RETAIN_SELF = YES;
				CLANG_WARN_OBJC_LITERAL_CONVERSION = YES;
				CLANG_WARN_QUOTED_INCLUDE_IN_FRAMEWORK_HEADER = YES;
				CLANG_WARN_RANGE_LOOP_ANALYSIS = YES;
				CLANG_WARN_STRICT_PROTOTYPES = YES;
				CLANG_WARN_SUSPICIOUS_MOVE = YES;
				CLANG_WARN_UNREACHABLE_CODE = YES;
				CLANG_WARN__DUPLICATE_METHOD_MATCH = YES;
				DEBUG_INFORMATION_FORMAT = dwarf;
				ENABLE_STRICT_OBJC_MSGSEND = YES;
				ENABLE_TESTABILITY = YES;
				FRAMEWORK_SEARCH_PATHS = (
					/Library/Frameworks/,
					"$(inherited)",
				);
				GCC_NO_COMMON_BLOCKS = YES;
				GCC_VERSION = com.apple.compilers.llvm.clang.1_0;
				GCC_WARN_64_TO_32_BIT_CONVERSION = YES;
				GCC_WARN_ABOUT_RETURN_TYPE = YES;
				GCC_WARN_UNDECLARED_SELECTOR = YES;
				GCC_WARN_UNINITIALIZED_AUTOS = YES;
				GCC_WARN_UNUSED_FUNCTION = YES;
				GCC_WARN_UNUSED_VARIABLE = YES;
				HEADER_SEARCH_PATHS = (
					/usr/local/include/,
					"$(inherited)",
				);
				LIBRARY_SEARCH_PATHS = (
					/usr/local/lib/,
					"$(inherited)",
				);
				MACOSX_DEPLOYMENT_TARGET = 11.3;
				ONLY_ACTIVE_ARCH = YES;
				OTHER_LDFLAGS = (
					"$(inherited)",
					"$(SFML_SYSTEM)",
					"$(SFML_WINDOW)",
					"$(SFML_GRAPHICS)",
					"$(SFML_AUDIO)",
					"$(SFML_NETWORK)",
				);
				SFML_AUDIO = "";
				SFML_BINARY_TYPE = FRAMEWORKS;
				SFML_GRAPHICS = "$(SFML_LINK_PREFIX) sfml-graphics$(SFML_LINK_SUFFIX)";
				SFML_LINK_DYLIBS_PREFIX = "-l";
				SFML_LINK_DYLIBS_SUFFIX = "";
				SFML_LINK_FRAMEWORKS_PREFIX = "-framework";
				SFML_LINK_FRAMEWORKS_SUFFIX = "";
				SFML_LINK_PREFIX = "$(SFML_LINK_$(SFML_BINARY_TYPE)_PREFIX)";
				SFML_LINK_SUFFIX = "$(SFML_LINK_$(SFML_BINARY_TYPE)_SUFFIX)";
				SFML_NETWORK = "";
				SFML_SYSTEM = "$(SFML_LINK_PREFIX) sfml-system$(SFML_LINK_SUFFIX)";
				SFML_WINDOW = "$(SFML_LINK_PREFIX) sfml-window$(SFML_LINK_SUFFIX)";
				SUPPORTED_PLATFORMS = macosx;
			};
			name = Debug;
		};
		BE23B80F25F57DAD000BFAD9 /* Release */ = {
			isa = XCBuildConfiguration;
			buildSettings = {
				CLANG_CXX_LANGUAGE_STANDARD = "c++11";
				CLANG_CXX_LIBRARY = "libc++";
				CLANG_WARN_BLOCK_CAPTURE_AUTORELEASING = YES;
				CLANG_WARN_BOOL_CONVERSION = YES;
				CLANG_WARN_COMMA = YES;
				CLANG_WARN_CONSTANT_CONVERSION = YES;
				CLANG_WARN_DEPRECATED_OBJC_IMPLEMENTATIONS = YES;
				CLANG_WARN_EMPTY_BODY = YES;
				CLANG_WARN_ENUM_CONVERSION = YES;
				CLANG_WARN_INFINITE_RECURSION = YES;
				CLANG_WARN_INT_CONVERSION = YES;
				CLANG_WARN_NON_LITERAL_NULL_CONVERSION = YES;
				CLANG_WARN_OBJC_IMPLICIT_RETAIN_SELF = YES;
				CLANG_WARN_OBJC_LITERAL_CONVERSION = YES;
				CLANG_WARN_QUOTED_INCLUDE_IN_FRAMEWORK_HEADER = YES;
				CLANG_WARN_RANGE_LOOP_ANALYSIS = YES;
				CLANG_WARN_STRICT_PROTOTYPES = YES;
				CLANG_WARN_SUSPICIOUS_MOVE = YES;
				CLANG_WARN_UNREACHABLE_CODE = YES;
				CLANG_WARN__DUPLICATE_METHOD_MATCH = YES;
				DEBUG_INFORMATION_FORMAT = dwarf;
				ENABLE_STRICT_OBJC_MSGSEND = YES;
				FRAMEWORK_SEARCH_PATHS = (
					/Library/Frameworks/,
					"$(inherited)",
				);
				GCC_NO_COMMON_BLOCKS = YES;
				GCC_VERSION = com.apple.compilers.llvm.clang.1_0;
				GCC_WARN_64_TO_32_BIT_CONVERSION = YES;
				GCC_WARN_ABOUT_RETURN_TYPE = YES;
				GCC_WARN_UNDECLARED_SELECTOR = YES;
				GCC_WARN_UNINITIALIZED_AUTOS = YES;
				GCC_WARN_UNUSED_FUNCTION = YES;
				GCC_WARN_UNUSED_VARIABLE = YES;
				HEADER_SEARCH_PATHS = (
					/usr/local/include/,
					"$(inherited)",
				);
				LIBRARY_SEARCH_PATHS = (
					/usr/local/lib/,
					"$(inherited)",
				);
				MACOSX_DEPLOYMENT_TARGET = 11.3;
				ONLY_ACTIVE_ARCH = YES;
				OTHER_LDFLAGS = (
					"$(inherited)",
					"$(SFML_SYSTEM)",
					"$(SFML_WINDOW)",
					"$(SFML_GRAPHICS)",
					"$(SFML_AUDIO)",
					"$(SFML_NETWORK)",
				);
				SFML_AUDIO = "";
				SFML_BINARY_TYPE = FRAMEWORKS;
				SFML_GRAPHICS = "$(SFML_LINK_PREFIX) sfml-graphics$(SFML_LINK_SUFFIX)";
				SFML_LINK_DYLIBS_PREFIX = "-l";
				SFML_LINK_DYLIBS_SUFFIX = "";
				SFML_LINK_FRAMEWORKS_PREFIX = "-framework";
				SFML_LINK_FRAMEWORKS_SUFFIX = "";
				SFML_LINK_PREFIX = "$(SFML_LINK_$(SFML_BINARY_TYPE)_PREFIX)";
				SFML_LINK_SUFFIX = "$(SFML_LINK_$(SFML_BINARY_TYPE)_SUFFIX)";
				SFML_NETWORK = "";
				SFML_SYSTEM = "$(SFML_LINK_PREFIX) sfml-system$(SFML_LINK_SUFFIX)";
				SFML_WINDOW = "$(SFML_LINK_PREFIX) sfml-window$(SFML_LINK_SUFFIX)";
				SUPPORTED_PLATFORMS = macosx;
			};
			name = Release;
		};
		BE23B81125F57DAD000BFAD9 /* Debug */ = {
			isa = XCBuildConfiguration;
			buildSettings = {
				ALWAYS_SEARCH_USER_PATHS = NO;
				ARCHS = "$(ARCHS_STANDARD)";
				CLANG_CXX_LANGUAGE_STANDARD = "c++14";
				CLANG_CXX_LIBRARY = "libc++";
				CLANG_ENABLE_OBJC_WEAK = YES;
				CLANG_MODULES_DISABLE_PRIVATE_WARNING = NO;
				CLANG_WARN_CXX0X_EXTENSIONS = NO;
				CLANG_WARN_DOCUMENTATION_COMMENTS = NO;
				CODE_SIGN_ENTITLEMENTS = Raytracer/Source/Resources/Raytracer.entitlements;
				CODE_SIGN_IDENTITY = "-";
				CODE_SIGN_STYLE = Automatic;
				DEVELOPMENT_TEAM = 35X65N86W4;
				ENABLE_HARDENED_RUNTIME = YES;
				FRAMEWORK_SEARCH_PATHS = (
					"$(inherited)",
					"$(LOCAL_LIBRARY_DIR)/Frameworks",
				);
				GCC_OPTIMIZATION_LEVEL = s;
				GCC_VERSION = "";
				GCC_WARN_ABOUT_DEPRECATED_FUNCTIONS = YES;
				INFOPLIST_FILE = "Raytracer/Source/Resources/Raytracer-Info.plist";
				LD_RUNPATH_SEARCH_PATHS = (
					"@loader_path/../Frameworks",
					"@executable_path/../Frameworks",
				);
				LIBRARY_SEARCH_PATHS = (
					"$(inherited)",
					"$(LOCAL_LIBRARY_DIR)/Frameworks",
				);
				MACOSX_DEPLOYMENT_TARGET = 11.3;
				MARKETING_VERSION = 1.0;
				ONLY_ACTIVE_ARCH = YES;
				OTHER_LDFLAGS = (
					"$(inherited)",
					"$(SFML_SYSTEM)",
					"$(SFML_WINDOW)",
					"$(SFML_GRAPHICS)",
					"$(SFML_AUDIO)",
					"$(SFML_NETWORK)",
				);
				PRODUCT_BUNDLE_IDENTIFIER = com.gracjanj.Raytracer;
				PRODUCT_NAME = "$(TARGET_NAME)";
			};
			name = Debug;
		};
		BE23B81225F57DAD000BFAD9 /* Release */ = {
			isa = XCBuildConfiguration;
			buildSettings = {
				ALWAYS_SEARCH_USER_PATHS = NO;
				ARCHS = "$(ARCHS_STANDARD)";
				CLANG_CXX_LANGUAGE_STANDARD = "c++14";
				CLANG_CXX_LIBRARY = "libc++";
				CLANG_ENABLE_OBJC_WEAK = YES;
				CLANG_MODULES_DISABLE_PRIVATE_WARNING = NO;
				CLANG_WARN_CXX0X_EXTENSIONS = NO;
				CLANG_WARN_DOCUMENTATION_COMMENTS = NO;
				CODE_SIGN_ENTITLEMENTS = Raytracer/Source/Resources/Raytracer.entitlements;
				CODE_SIGN_IDENTITY = "-";
				CODE_SIGN_STYLE = Automatic;
				DEVELOPMENT_TEAM = 35X65N86W4;
				ENABLE_HARDENED_RUNTIME = YES;
				FRAMEWORK_SEARCH_PATHS = (
					"$(inherited)",
					"$(LOCAL_LIBRARY_DIR)/Frameworks",
				);
				GCC_OPTIMIZATION_LEVEL = s;
				GCC_VERSION = "";
				GCC_WARN_ABOUT_DEPRECATED_FUNCTIONS = YES;
				INFOPLIST_FILE = "Raytracer/Source/Resources/Raytracer-Info.plist";
				LD_RUNPATH_SEARCH_PATHS = (
					"@loader_path/../Frameworks",
					"@executable_path/../Frameworks",
				);
				LIBRARY_SEARCH_PATHS = (
					"$(inherited)",
					"$(LOCAL_LIBRARY_DIR)/Frameworks",
				);
				MACOSX_DEPLOYMENT_TARGET = 11.3;
				MARKETING_VERSION = 1.0;
				ONLY_ACTIVE_ARCH = YES;
				OTHER_LDFLAGS = (
					"$(inherited)",
					"$(SFML_SYSTEM)",
					"$(SFML_WINDOW)",
					"$(SFML_GRAPHICS)",
					"$(SFML_AUDIO)",
					"$(SFML_NETWORK)",
				);
				PRODUCT_BUNDLE_IDENTIFIER = com.gracjanj.Raytracer;
				PRODUCT_NAME = "$(TARGET_NAME)";
			};
			name = Release;
		};
/* End XCBuildConfiguration section */

/* Begin XCConfigurationList section */
		BE23B7F525F57DAD000BFAD9 /* Build configuration list for PBXProject "Raytracer" */ = {
			isa = XCConfigurationList;
			buildConfigurations = (
				BE23B80E25F57DAD000BFAD9 /* Debug */,
				BE23B80F25F57DAD000BFAD9 /* Release */,
			);
			defaultConfigurationIsVisible = 0;
			defaultConfigurationName = Release;
		};
		BE23B81025F57DAD000BFAD9 /* Build configuration list for PBXNativeTarget "Raytracer" */ = {
			isa = XCConfigurationList;
			buildConfigurations = (
				BE23B81125F57DAD000BFAD9 /* Debug */,
				BE23B81225F57DAD000BFAD9 /* Release */,
			);
			defaultConfigurationIsVisible = 0;
			defaultConfigurationName = Release;
		};
/* End XCConfigurationList section */
	};
	rootObject = BE23B7F225F57DAD000BFAD9 /* Project object */;
}
